// !$*UTF8*$!
{
	archiveVersion = 1;
	classes = {
	};
	objectVersion = 56;
	objects = {

/* Begin PBXBuildFile section */
		013FBEEA2C81C85500A12A40 /* AppDelegate.swift in Sources */ = {isa = PBXBuildFile; fileRef = 013FBEE92C81C85500A12A40 /* AppDelegate.swift */; };
		013FBEEC2C81C85500A12A40 /* SceneDelegate.swift in Sources */ = {isa = PBXBuildFile; fileRef = 013FBEEB2C81C85500A12A40 /* SceneDelegate.swift */; };
		013FBEF32C81C85700A12A40 /* Assets.xcassets in Resources */ = {isa = PBXBuildFile; fileRef = 013FBEF22C81C85700A12A40 /* Assets.xcassets */; };
		013FBEF62C81C85700A12A40 /* Base in Resources */ = {isa = PBXBuildFile; fileRef = 013FBEF52C81C85700A12A40 /* Base */; };
		013FBF082C81D06800A12A40 /* ToDoViewController.swift in Sources */ = {isa = PBXBuildFile; fileRef = 013FBF072C81D06800A12A40 /* ToDoViewController.swift */; };
		013FBF0A2C81D0C400A12A40 /* ToDoPresenter.swift in Sources */ = {isa = PBXBuildFile; fileRef = 013FBF092C81D0C400A12A40 /* ToDoPresenter.swift */; };
		013FBF0C2C81D10D00A12A40 /* ToDoInteractor.swift in Sources */ = {isa = PBXBuildFile; fileRef = 013FBF0B2C81D10D00A12A40 /* ToDoInteractor.swift */; };
		013FBF0E2C81D14D00A12A40 /* ToDoRouter.swift in Sources */ = {isa = PBXBuildFile; fileRef = 013FBF0D2C81D14D00A12A40 /* ToDoRouter.swift */; };
		013FBF112C81D26100A12A40 /* ModuleFactory.swift in Sources */ = {isa = PBXBuildFile; fileRef = 013FBF102C81D26100A12A40 /* ModuleFactory.swift */; };
		013FBF212C81D76100A12A40 /* ToDoView.swift in Sources */ = {isa = PBXBuildFile; fileRef = 013FBF202C81D76100A12A40 /* ToDoView.swift */; };
		013FBF232C81D8C000A12A40 /* ToDoCell.swift in Sources */ = {isa = PBXBuildFile; fileRef = 013FBF222C81D8C000A12A40 /* ToDoCell.swift */; };
		013FBF292C822E2E00A12A40 /* AppAssets.swift in Sources */ = {isa = PBXBuildFile; fileRef = 013FBF282C822E2E00A12A40 /* AppAssets.swift */; };
		0168D2772C8310AE007F26C1 /* TaskManagerViewController.swift in Sources */ = {isa = PBXBuildFile; fileRef = 0168D2762C8310AE007F26C1 /* TaskManagerViewController.swift */; };
		0168D2792C831176007F26C1 /* TaskManagerPresenter.swift in Sources */ = {isa = PBXBuildFile; fileRef = 0168D2782C831176007F26C1 /* TaskManagerPresenter.swift */; };
		0168D27B2C8311B8007F26C1 /* TaskManagerInteractor.swift in Sources */ = {isa = PBXBuildFile; fileRef = 0168D27A2C8311B8007F26C1 /* TaskManagerInteractor.swift */; };
		0168D27D2C831202007F26C1 /* TaskManagerView.swift in Sources */ = {isa = PBXBuildFile; fileRef = 0168D27C2C831202007F26C1 /* TaskManagerView.swift */; };
		0168D2802C836FEE007F26C1 /* ToDo.swift in Sources */ = {isa = PBXBuildFile; fileRef = 0168D27F2C836FEE007F26C1 /* ToDo.swift */; };
		0168D2832C837FB3007F26C1 /* TaskManagerRouter.swift in Sources */ = {isa = PBXBuildFile; fileRef = 0168D2822C837FB3007F26C1 /* TaskManagerRouter.swift */; };
/* End PBXBuildFile section */

/* Begin PBXFileReference section */
		013FBEE62C81C85500A12A40 /* ToDo.app */ = {isa = PBXFileReference; explicitFileType = wrapper.application; includeInIndex = 0; path = ToDo.app; sourceTree = BUILT_PRODUCTS_DIR; };
		013FBEE92C81C85500A12A40 /* AppDelegate.swift */ = {isa = PBXFileReference; lastKnownFileType = sourcecode.swift; path = AppDelegate.swift; sourceTree = "<group>"; };
		013FBEEB2C81C85500A12A40 /* SceneDelegate.swift */ = {isa = PBXFileReference; lastKnownFileType = sourcecode.swift; path = SceneDelegate.swift; sourceTree = "<group>"; };
		013FBEF22C81C85700A12A40 /* Assets.xcassets */ = {isa = PBXFileReference; lastKnownFileType = folder.assetcatalog; path = Assets.xcassets; sourceTree = "<group>"; };
		013FBEF52C81C85700A12A40 /* Base */ = {isa = PBXFileReference; lastKnownFileType = file.storyboard; name = Base; path = Base.lproj/LaunchScreen.storyboard; sourceTree = "<group>"; };
		013FBEF72C81C85700A12A40 /* Info.plist */ = {isa = PBXFileReference; lastKnownFileType = text.plist.xml; path = Info.plist; sourceTree = "<group>"; };
		013FBF072C81D06800A12A40 /* ToDoViewController.swift */ = {isa = PBXFileReference; lastKnownFileType = sourcecode.swift; path = ToDoViewController.swift; sourceTree = "<group>"; };
		013FBF092C81D0C400A12A40 /* ToDoPresenter.swift */ = {isa = PBXFileReference; lastKnownFileType = sourcecode.swift; path = ToDoPresenter.swift; sourceTree = "<group>"; };
		013FBF0B2C81D10D00A12A40 /* ToDoInteractor.swift */ = {isa = PBXFileReference; lastKnownFileType = sourcecode.swift; path = ToDoInteractor.swift; sourceTree = "<group>"; };
		013FBF0D2C81D14D00A12A40 /* ToDoRouter.swift */ = {isa = PBXFileReference; lastKnownFileType = sourcecode.swift; path = ToDoRouter.swift; sourceTree = "<group>"; };
		013FBF102C81D26100A12A40 /* ModuleFactory.swift */ = {isa = PBXFileReference; lastKnownFileType = sourcecode.swift; path = ModuleFactory.swift; sourceTree = "<group>"; };
		013FBF202C81D76100A12A40 /* ToDoView.swift */ = {isa = PBXFileReference; lastKnownFileType = sourcecode.swift; path = ToDoView.swift; sourceTree = "<group>"; };
		013FBF222C81D8C000A12A40 /* ToDoCell.swift */ = {isa = PBXFileReference; lastKnownFileType = sourcecode.swift; path = ToDoCell.swift; sourceTree = "<group>"; };
		013FBF282C822E2E00A12A40 /* AppAssets.swift */ = {isa = PBXFileReference; lastKnownFileType = sourcecode.swift; path = AppAssets.swift; sourceTree = "<group>"; };
		0168D2762C8310AE007F26C1 /* TaskManagerViewController.swift */ = {isa = PBXFileReference; lastKnownFileType = sourcecode.swift; path = TaskManagerViewController.swift; sourceTree = "<group>"; };
		0168D2782C831176007F26C1 /* TaskManagerPresenter.swift */ = {isa = PBXFileReference; lastKnownFileType = sourcecode.swift; path = TaskManagerPresenter.swift; sourceTree = "<group>"; };
		0168D27A2C8311B8007F26C1 /* TaskManagerInteractor.swift */ = {isa = PBXFileReference; lastKnownFileType = sourcecode.swift; path = TaskManagerInteractor.swift; sourceTree = "<group>"; };
		0168D27C2C831202007F26C1 /* TaskManagerView.swift */ = {isa = PBXFileReference; lastKnownFileType = sourcecode.swift; path = TaskManagerView.swift; sourceTree = "<group>"; };
		0168D27F2C836FEE007F26C1 /* ToDo.swift */ = {isa = PBXFileReference; lastKnownFileType = sourcecode.swift; path = ToDo.swift; sourceTree = "<group>"; };
		0168D2822C837FB3007F26C1 /* TaskManagerRouter.swift */ = {isa = PBXFileReference; lastKnownFileType = sourcecode.swift; path = TaskManagerRouter.swift; sourceTree = "<group>"; };
/* End PBXFileReference section */

/* Begin PBXFrameworksBuildPhase section */
		013FBEE32C81C85500A12A40 /* Frameworks */ = {
			isa = PBXFrameworksBuildPhase;
			buildActionMask = 2147483647;
			files = (
			);
			runOnlyForDeploymentPostprocessing = 0;
		};
/* End PBXFrameworksBuildPhase section */

/* Begin PBXGroup section */
		013FBEDD2C81C85500A12A40 = {
			isa = PBXGroup;
			children = (
				013FBEE82C81C85500A12A40 /* ToDo */,
				013FBEE72C81C85500A12A40 /* Products */,
			);
			sourceTree = "<group>";
		};
		013FBEE72C81C85500A12A40 /* Products */ = {
			isa = PBXGroup;
			children = (
				013FBEE62C81C85500A12A40 /* ToDo.app */,
			);
			name = Products;
			sourceTree = "<group>";
		};
		013FBEE82C81C85500A12A40 /* ToDo */ = {
			isa = PBXGroup;
			children = (
				0168D27E2C836E92007F26C1 /* Entity */,
				013FBEFD2C81C89700A12A40 /* Application */,
				013FBEFE2C81C8AB00A12A40 /* Resources */,
				013FBF272C822D8500A12A40 /* Helper */,
				013FBF0F2C81D24100A12A40 /* Factorie */,
				013FBF2A2C830B3C00A12A40 /* Module */,
			);
			path = ToDo;
			sourceTree = "<group>";
		};
		013FBEFD2C81C89700A12A40 /* Application */ = {
			isa = PBXGroup;
			children = (
				013FBEE92C81C85500A12A40 /* AppDelegate.swift */,
				013FBEEB2C81C85500A12A40 /* SceneDelegate.swift */,
			);
			path = Application;
			sourceTree = "<group>";
		};
		013FBEFE2C81C8AB00A12A40 /* Resources */ = {
			isa = PBXGroup;
			children = (
				013FBEF22C81C85700A12A40 /* Assets.xcassets */,
				013FBEF42C81C85700A12A40 /* LaunchScreen.storyboard */,
				013FBEF72C81C85700A12A40 /* Info.plist */,
			);
			path = Resources;
			sourceTree = "<group>";
		};
		013FBEFF2C81CED500A12A40 /* ToDoModule */ = {
			isa = PBXGroup;
			children = (
				013FBF002C81CEEB00A12A40 /* UI */,
				013FBF022C81CF0500A12A40 /* Presenter */,
				013FBF012C81CEFA00A12A40 /* Interactor */,
				013FBF032C81CF1500A12A40 /* Router */,
			);
			path = ToDoModule;
			sourceTree = "<group>";
		};
		013FBF002C81CEEB00A12A40 /* UI */ = {
			isa = PBXGroup;
			children = (
				013FBF042C81CF4A00A12A40 /* Controller */,
				013FBF052C81CF4E00A12A40 /* View */,
				013FBF242C81D8C600A12A40 /* Cell */,
			);
			path = UI;
			sourceTree = "<group>";
		};
		013FBF012C81CEFA00A12A40 /* Interactor */ = {
			isa = PBXGroup;
			children = (
				013FBF0B2C81D10D00A12A40 /* ToDoInteractor.swift */,
			);
			path = Interactor;
			sourceTree = "<group>";
		};
		013FBF022C81CF0500A12A40 /* Presenter */ = {
			isa = PBXGroup;
			children = (
				013FBF092C81D0C400A12A40 /* ToDoPresenter.swift */,
			);
			path = Presenter;
			sourceTree = "<group>";
		};
		013FBF032C81CF1500A12A40 /* Router */ = {
			isa = PBXGroup;
			children = (
				013FBF0D2C81D14D00A12A40 /* ToDoRouter.swift */,
			);
			path = Router;
			sourceTree = "<group>";
		};
		013FBF042C81CF4A00A12A40 /* Controller */ = {
			isa = PBXGroup;
			children = (
				013FBF072C81D06800A12A40 /* ToDoViewController.swift */,
			);
			path = Controller;
			sourceTree = "<group>";
		};
		013FBF052C81CF4E00A12A40 /* View */ = {
			isa = PBXGroup;
			children = (
				013FBF202C81D76100A12A40 /* ToDoView.swift */,
			);
			path = View;
			sourceTree = "<group>";
		};
		013FBF0F2C81D24100A12A40 /* Factorie */ = {
			isa = PBXGroup;
			children = (
				013FBF102C81D26100A12A40 /* ModuleFactory.swift */,
			);
			path = Factorie;
			sourceTree = "<group>";
		};
		013FBF242C81D8C600A12A40 /* Cell */ = {
			isa = PBXGroup;
			children = (
				013FBF222C81D8C000A12A40 /* ToDoCell.swift */,
			);
			path = Cell;
			sourceTree = "<group>";
		};
		013FBF272C822D8500A12A40 /* Helper */ = {
			isa = PBXGroup;
			children = (
				013FBF282C822E2E00A12A40 /* AppAssets.swift */,
			);
			path = Helper;
			sourceTree = "<group>";
		};
		013FBF2A2C830B3C00A12A40 /* Module */ = {
			isa = PBXGroup;
			children = (
				013FBEFF2C81CED500A12A40 /* ToDoModule */,
				013FBF2B2C830B4200A12A40 /* TaskManager */,
			);
			path = Module;
			sourceTree = "<group>";
		};
		013FBF2B2C830B4200A12A40 /* TaskManager */ = {
			isa = PBXGroup;
			children = (
				0168D2672C831002007F26C1 /* UI */,
				0168D2662C830FF6007F26C1 /* Presenter */,
				0168D2652C830FED007F26C1 /* Interactor */,
				0168D2812C837F98007F26C1 /* Router */,
			);
			path = TaskManager;
			sourceTree = "<group>";
		};
		0168D2652C830FED007F26C1 /* Interactor */ = {
			isa = PBXGroup;
			children = (
				0168D27A2C8311B8007F26C1 /* TaskManagerInteractor.swift */,
			);
			path = Interactor;
			sourceTree = "<group>";
		};
		0168D2662C830FF6007F26C1 /* Presenter */ = {
			isa = PBXGroup;
			children = (
				0168D2782C831176007F26C1 /* TaskManagerPresenter.swift */,
			);
			path = Presenter;
			sourceTree = "<group>";
		};
		0168D2672C831002007F26C1 /* UI */ = {
			isa = PBXGroup;
			children = (
				0168D2692C83100B007F26C1 /* Controller */,
				0168D2682C831005007F26C1 /* View */,
			);
			path = UI;
			sourceTree = "<group>";
		};
		0168D2682C831005007F26C1 /* View */ = {
			isa = PBXGroup;
			children = (
				0168D27C2C831202007F26C1 /* TaskManagerView.swift */,
			);
			path = View;
			sourceTree = "<group>";
		};
		0168D2692C83100B007F26C1 /* Controller */ = {
			isa = PBXGroup;
			children = (
				0168D2762C8310AE007F26C1 /* TaskManagerViewController.swift */,
			);
			path = Controller;
			sourceTree = "<group>";
		};
		0168D27E2C836E92007F26C1 /* Entity */ = {
			isa = PBXGroup;
			children = (
				0168D27F2C836FEE007F26C1 /* ToDo.swift */,
			);
			path = Entity;
			sourceTree = "<group>";
		};
		0168D2812C837F98007F26C1 /* Router */ = {
			isa = PBXGroup;
			children = (
				0168D2822C837FB3007F26C1 /* TaskManagerRouter.swift */,
			);
			path = Router;
			sourceTree = "<group>";
		};
/* End PBXGroup section */

/* Begin PBXNativeTarget section */
		013FBEE52C81C85500A12A40 /* ToDo */ = {
			isa = PBXNativeTarget;
			buildConfigurationList = 013FBEFA2C81C85700A12A40 /* Build configuration list for PBXNativeTarget "ToDo" */;
			buildPhases = (
				013FBEE22C81C85500A12A40 /* Sources */,
				013FBEE32C81C85500A12A40 /* Frameworks */,
				013FBEE42C81C85500A12A40 /* Resources */,
			);
			buildRules = (
			);
			dependencies = (
			);
			name = ToDo;
			productName = ToDo;
			productReference = 013FBEE62C81C85500A12A40 /* ToDo.app */;
			productType = "com.apple.product-type.application";
		};
/* End PBXNativeTarget section */

/* Begin PBXProject section */
		013FBEDE2C81C85500A12A40 /* Project object */ = {
			isa = PBXProject;
			attributes = {
				BuildIndependentTargetsInParallel = 1;
				LastSwiftUpdateCheck = 1540;
				LastUpgradeCheck = 1540;
				TargetAttributes = {
					013FBEE52C81C85500A12A40 = {
						CreatedOnToolsVersion = 15.4;
					};
				};
			};
			buildConfigurationList = 013FBEE12C81C85500A12A40 /* Build configuration list for PBXProject "ToDo" */;
			compatibilityVersion = "Xcode 14.0";
			developmentRegion = en;
			hasScannedForEncodings = 0;
			knownRegions = (
				en,
				Base,
			);
			mainGroup = 013FBEDD2C81C85500A12A40;
			productRefGroup = 013FBEE72C81C85500A12A40 /* Products */;
			projectDirPath = "";
			projectRoot = "";
			targets = (
				013FBEE52C81C85500A12A40 /* ToDo */,
			);
		};
/* End PBXProject section */

/* Begin PBXResourcesBuildPhase section */
		013FBEE42C81C85500A12A40 /* Resources */ = {
			isa = PBXResourcesBuildPhase;
			buildActionMask = 2147483647;
			files = (
				013FBEF32C81C85700A12A40 /* Assets.xcassets in Resources */,
				013FBEF62C81C85700A12A40 /* Base in Resources */,
			);
			runOnlyForDeploymentPostprocessing = 0;
		};
/* End PBXResourcesBuildPhase section */

/* Begin PBXSourcesBuildPhase section */
		013FBEE22C81C85500A12A40 /* Sources */ = {
			isa = PBXSourcesBuildPhase;
			buildActionMask = 2147483647;
			files = (
				013FBF0A2C81D0C400A12A40 /* ToDoPresenter.swift in Sources */,
				0168D2832C837FB3007F26C1 /* TaskManagerRouter.swift in Sources */,
				013FBEEA2C81C85500A12A40 /* AppDelegate.swift in Sources */,
				0168D2772C8310AE007F26C1 /* TaskManagerViewController.swift in Sources */,
				0168D2792C831176007F26C1 /* TaskManagerPresenter.swift in Sources */,
				013FBF212C81D76100A12A40 /* ToDoView.swift in Sources */,
				013FBF0E2C81D14D00A12A40 /* ToDoRouter.swift in Sources */,
				0168D2802C836FEE007F26C1 /* ToDo.swift in Sources */,
				013FBF082C81D06800A12A40 /* ToDoViewController.swift in Sources */,
				013FBF0C2C81D10D00A12A40 /* ToDoInteractor.swift in Sources */,
				013FBEEC2C81C85500A12A40 /* SceneDelegate.swift in Sources */,
				0168D27B2C8311B8007F26C1 /* TaskManagerInteractor.swift in Sources */,
				013FBF232C81D8C000A12A40 /* ToDoCell.swift in Sources */,
				013FBF292C822E2E00A12A40 /* AppAssets.swift in Sources */,
				013FBF112C81D26100A12A40 /* ModuleFactory.swift in Sources */,
				0168D27D2C831202007F26C1 /* TaskManagerView.swift in Sources */,
			);
			runOnlyForDeploymentPostprocessing = 0;
		};
/* End PBXSourcesBuildPhase section */

/* Begin PBXVariantGroup section */
		013FBEF42C81C85700A12A40 /* LaunchScreen.storyboard */ = {
			isa = PBXVariantGroup;
			children = (
				013FBEF52C81C85700A12A40 /* Base */,
			);
			name = LaunchScreen.storyboard;
			sourceTree = "<group>";
		};
/* End PBXVariantGroup section */

/* Begin XCBuildConfiguration section */
		013FBEF82C81C85700A12A40 /* Debug */ = {
			isa = XCBuildConfiguration;
			buildSettings = {
				ALWAYS_SEARCH_USER_PATHS = NO;
				ASSETCATALOG_COMPILER_GENERATE_SWIFT_ASSET_SYMBOL_EXTENSIONS = YES;
				CLANG_ANALYZER_NONNULL = YES;
				CLANG_ANALYZER_NUMBER_OBJECT_CONVERSION = YES_AGGRESSIVE;
				CLANG_CXX_LANGUAGE_STANDARD = "gnu++20";
				CLANG_ENABLE_MODULES = YES;
				CLANG_ENABLE_OBJC_ARC = YES;
				CLANG_ENABLE_OBJC_WEAK = YES;
				CLANG_WARN_BLOCK_CAPTURE_AUTORELEASING = YES;
				CLANG_WARN_BOOL_CONVERSION = YES;
				CLANG_WARN_COMMA = YES;
				CLANG_WARN_CONSTANT_CONVERSION = YES;
				CLANG_WARN_DEPRECATED_OBJC_IMPLEMENTATIONS = YES;
				CLANG_WARN_DIRECT_OBJC_ISA_USAGE = YES_ERROR;
				CLANG_WARN_DOCUMENTATION_COMMENTS = YES;
				CLANG_WARN_EMPTY_BODY = YES;
				CLANG_WARN_ENUM_CONVERSION = YES;
				CLANG_WARN_INFINITE_RECURSION = YES;
				CLANG_WARN_INT_CONVERSION = YES;
				CLANG_WARN_NON_LITERAL_NULL_CONVERSION = YES;
				CLANG_WARN_OBJC_IMPLICIT_RETAIN_SELF = YES;
				CLANG_WARN_OBJC_LITERAL_CONVERSION = YES;
				CLANG_WARN_OBJC_ROOT_CLASS = YES_ERROR;
				CLANG_WARN_QUOTED_INCLUDE_IN_FRAMEWORK_HEADER = YES;
				CLANG_WARN_RANGE_LOOP_ANALYSIS = YES;
				CLANG_WARN_STRICT_PROTOTYPES = YES;
				CLANG_WARN_SUSPICIOUS_MOVE = YES;
				CLANG_WARN_UNGUARDED_AVAILABILITY = YES_AGGRESSIVE;
				CLANG_WARN_UNREACHABLE_CODE = YES;
				CLANG_WARN__DUPLICATE_METHOD_MATCH = YES;
				COPY_PHASE_STRIP = NO;
				DEBUG_INFORMATION_FORMAT = dwarf;
				ENABLE_STRICT_OBJC_MSGSEND = YES;
				ENABLE_TESTABILITY = YES;
				ENABLE_USER_SCRIPT_SANDBOXING = YES;
				GCC_C_LANGUAGE_STANDARD = gnu17;
				GCC_DYNAMIC_NO_PIC = NO;
				GCC_NO_COMMON_BLOCKS = YES;
				GCC_OPTIMIZATION_LEVEL = 0;
				GCC_PREPROCESSOR_DEFINITIONS = (
					"DEBUG=1",
					"$(inherited)",
				);
				GCC_WARN_64_TO_32_BIT_CONVERSION = YES;
				GCC_WARN_ABOUT_RETURN_TYPE = YES_ERROR;
				GCC_WARN_UNDECLARED_SELECTOR = YES;
				GCC_WARN_UNINITIALIZED_AUTOS = YES_AGGRESSIVE;
				GCC_WARN_UNUSED_FUNCTION = YES;
				GCC_WARN_UNUSED_VARIABLE = YES;
				IPHONEOS_DEPLOYMENT_TARGET = 17.5;
				LOCALIZATION_PREFERS_STRING_CATALOGS = YES;
				MTL_ENABLE_DEBUG_INFO = INCLUDE_SOURCE;
				MTL_FAST_MATH = YES;
				ONLY_ACTIVE_ARCH = YES;
				SDKROOT = iphoneos;
				SWIFT_ACTIVE_COMPILATION_CONDITIONS = "DEBUG $(inherited)";
				SWIFT_OPTIMIZATION_LEVEL = "-Onone";
			};
			name = Debug;
		};
		013FBEF92C81C85700A12A40 /* Release */ = {
			isa = XCBuildConfiguration;
			buildSettings = {
				ALWAYS_SEARCH_USER_PATHS = NO;
				ASSETCATALOG_COMPILER_GENERATE_SWIFT_ASSET_SYMBOL_EXTENSIONS = YES;
				CLANG_ANALYZER_NONNULL = YES;
				CLANG_ANALYZER_NUMBER_OBJECT_CONVERSION = YES_AGGRESSIVE;
				CLANG_CXX_LANGUAGE_STANDARD = "gnu++20";
				CLANG_ENABLE_MODULES = YES;
				CLANG_ENABLE_OBJC_ARC = YES;
				CLANG_ENABLE_OBJC_WEAK = YES;
				CLANG_WARN_BLOCK_CAPTURE_AUTORELEASING = YES;
				CLANG_WARN_BOOL_CONVERSION = YES;
				CLANG_WARN_COMMA = YES;
				CLANG_WARN_CONSTANT_CONVERSION = YES;
				CLANG_WARN_DEPRECATED_OBJC_IMPLEMENTATIONS = YES;
				CLANG_WARN_DIRECT_OBJC_ISA_USAGE = YES_ERROR;
				CLANG_WARN_DOCUMENTATION_COMMENTS = YES;
				CLANG_WARN_EMPTY_BODY = YES;
				CLANG_WARN_ENUM_CONVERSION = YES;
				CLANG_WARN_INFINITE_RECURSION = YES;
				CLANG_WARN_INT_CONVERSION = YES;
				CLANG_WARN_NON_LITERAL_NULL_CONVERSION = YES;
				CLANG_WARN_OBJC_IMPLICIT_RETAIN_SELF = YES;
				CLANG_WARN_OBJC_LITERAL_CONVERSION = YES;
				CLANG_WARN_OBJC_ROOT_CLASS = YES_ERROR;
				CLANG_WARN_QUOTED_INCLUDE_IN_FRAMEWORK_HEADER = YES;
				CLANG_WARN_RANGE_LOOP_ANALYSIS = YES;
				CLANG_WARN_STRICT_PROTOTYPES = YES;
				CLANG_WARN_SUSPICIOUS_MOVE = YES;
				CLANG_WARN_UNGUARDED_AVAILABILITY = YES_AGGRESSIVE;
				CLANG_WARN_UNREACHABLE_CODE = YES;
				CLANG_WARN__DUPLICATE_METHOD_MATCH = YES;
				COPY_PHASE_STRIP = NO;
				DEBUG_INFORMATION_FORMAT = "dwarf-with-dsym";
				ENABLE_NS_ASSERTIONS = NO;
				ENABLE_STRICT_OBJC_MSGSEND = YES;
				ENABLE_USER_SCRIPT_SANDBOXING = YES;
				GCC_C_LANGUAGE_STANDARD = gnu17;
				GCC_NO_COMMON_BLOCKS = YES;
				GCC_WARN_64_TO_32_BIT_CONVERSION = YES;
				GCC_WARN_ABOUT_RETURN_TYPE = YES_ERROR;
				GCC_WARN_UNDECLARED_SELECTOR = YES;
				GCC_WARN_UNINITIALIZED_AUTOS = YES_AGGRESSIVE;
				GCC_WARN_UNUSED_FUNCTION = YES;
				GCC_WARN_UNUSED_VARIABLE = YES;
				IPHONEOS_DEPLOYMENT_TARGET = 17.5;
				LOCALIZATION_PREFERS_STRING_CATALOGS = YES;
				MTL_ENABLE_DEBUG_INFO = NO;
				MTL_FAST_MATH = YES;
				SDKROOT = iphoneos;
				SWIFT_COMPILATION_MODE = wholemodule;
				VALIDATE_PRODUCT = YES;
			};
			name = Release;
		};
		013FBEFB2C81C85700A12A40 /* Debug */ = {
			isa = XCBuildConfiguration;
			buildSettings = {
				ASSETCATALOG_COMPILER_APPICON_NAME = AppIcon;
				ASSETCATALOG_COMPILER_GLOBAL_ACCENT_COLOR_NAME = AccentColor;
				CODE_SIGN_STYLE = Automatic;
				CURRENT_PROJECT_VERSION = 1;
				DEVELOPMENT_TEAM = 57V9Y33D2J;
				GENERATE_INFOPLIST_FILE = YES;
				INFOPLIST_FILE = ToDo/Resources/Info.plist;
				INFOPLIST_KEY_UIApplicationSupportsIndirectInputEvents = YES;
				INFOPLIST_KEY_UILaunchStoryboardName = LaunchScreen;
				INFOPLIST_KEY_UISupportedInterfaceOrientations_iPad = "UIInterfaceOrientationPortrait UIInterfaceOrientationPortraitUpsideDown UIInterfaceOrientationLandscapeLeft UIInterfaceOrientationLandscapeRight";
				INFOPLIST_KEY_UISupportedInterfaceOrientations_iPhone = "UIInterfaceOrientationPortrait UIInterfaceOrientationLandscapeLeft UIInterfaceOrientationLandscapeRight";
				LD_RUNPATH_SEARCH_PATHS = (
					"$(inherited)",
					"@executable_path/Frameworks",
				);
				MARKETING_VERSION = 1.0;
				PRODUCT_BUNDLE_IDENTIFIER = tms.by.ToDo;
				PRODUCT_NAME = "$(TARGET_NAME)";
				SWIFT_EMIT_LOC_STRINGS = YES;
				SWIFT_VERSION = 5.0;
				TARGETED_DEVICE_FAMILY = "1,2";
			};
			name = Debug;
		};
		013FBEFC2C81C85700A12A40 /* Release */ = {
			isa = XCBuildConfiguration;
			buildSettings = {
				ASSETCATALOG_COMPILER_APPICON_NAME = AppIcon;
				ASSETCATALOG_COMPILER_GLOBAL_ACCENT_COLOR_NAME = AccentColor;
				CODE_SIGN_STYLE = Automatic;
				CURRENT_PROJECT_VERSION = 1;
				DEVELOPMENT_TEAM = 57V9Y33D2J;
				GENERATE_INFOPLIST_FILE = YES;
				INFOPLIST_FILE = ToDo/Resources/Info.plist;
				INFOPLIST_KEY_UIApplicationSupportsIndirectInputEvents = YES;
				INFOPLIST_KEY_UILaunchStoryboardName = LaunchScreen;
				INFOPLIST_KEY_UISupportedInterfaceOrientations_iPad = "UIInterfaceOrientationPortrait UIInterfaceOrientationPortraitUpsideDown UIInterfaceOrientationLandscapeLeft UIInterfaceOrientationLandscapeRight";
				INFOPLIST_KEY_UISupportedInterfaceOrientations_iPhone = "UIInterfaceOrientationPortrait UIInterfaceOrientationLandscapeLeft UIInterfaceOrientationLandscapeRight";
				LD_RUNPATH_SEARCH_PATHS = (
					"$(inherited)",
					"@executable_path/Frameworks",
				);
				MARKETING_VERSION = 1.0;
				PRODUCT_BUNDLE_IDENTIFIER = tms.by.ToDo;
				PRODUCT_NAME = "$(TARGET_NAME)";
				SWIFT_EMIT_LOC_STRINGS = YES;
				SWIFT_VERSION = 5.0;
				TARGETED_DEVICE_FAMILY = "1,2";
			};
			name = Release;
		};
/* End XCBuildConfiguration section */

/* Begin XCConfigurationList section */
		013FBEE12C81C85500A12A40 /* Build configuration list for PBXProject "ToDo" */ = {
			isa = XCConfigurationList;
			buildConfigurations = (
				013FBEF82C81C85700A12A40 /* Debug */,
				013FBEF92C81C85700A12A40 /* Release */,
			);
			defaultConfigurationIsVisible = 0;
			defaultConfigurationName = Release;
		};
		013FBEFA2C81C85700A12A40 /* Build configuration list for PBXNativeTarget "ToDo" */ = {
			isa = XCConfigurationList;
			buildConfigurations = (
				013FBEFB2C81C85700A12A40 /* Debug */,
				013FBEFC2C81C85700A12A40 /* Release */,
			);
			defaultConfigurationIsVisible = 0;
			defaultConfigurationName = Release;
		};
/* End XCConfigurationList section */
	};
	rootObject = 013FBEDE2C81C85500A12A40 /* Project object */;
}
